
Microsoft Visual Studio Solution File, Format Version 12.00
# Visual Studio Version 16
VisualStudioVersion = 16.0.31624.102
MinimumVisualStudioVersion = 10.0.40219.1
Project("{FAE04EC0-301F-11D3-BF4B-00C04F79EFBC}") = "LAB14", "LAB14.csproj", "{E489777C-E823-418A-8E28-CDA068C128EF}"
EndProject
Global
	GlobalSection(SolutionConfigurationPlatforms) = preSolution
		Debug|Any CPU = Debug|Any CPU
		Release|Any CPU = Release|Any CPU
	EndGlobalSection
	GlobalSection(ProjectConfigurationPlatforms) = postSolution
		{E489777C-E823-418A-8E28-CDA068C128EF}.Debug|Any CPU.ActiveCfg = Debug|Any CPU
		{E489777C-E823-418A-8E28-CDA068C128EF}.Debug|Any CPU.Build.0 = Debug|Any CPU
		{E489777C-E823-418A-8E28-CDA068C128EF}.Release|Any CPU.ActiveCfg = Release|Any CPU
		{E489777C-E823-418A-8E28-CDA068C128EF}.Release|Any CPU.Build.0 = Release|Any CPU
	EndGlobalSection
	GlobalSection(SolutionProperties) = preSolution
		HideSolutionNode = FALSE
	EndGlobalSection
	GlobalSection(ExtensibilityGlobals) = postSolution
		SolutionGuid = {A7F93937-B408-4785-A931-47F23AD54548}
	EndGlobalSection
EndGlobal
